
Microsoft Visual Studio Solution File, Format Version 12.00
# Visual Studio Version 16
VisualStudioVersion = 16.0.810.19
MinimumVisualStudioVersion = 10.0.40219.1
Project("{FAE04EC0-301F-11D3-BF4B-00C04F79EFBC}") = "ToDo", "ToDo\ToDo.csproj", "{DD0AC586-E8C0-4E4B-82AC-7B6982F5E3E4}"
EndProject
Project("{FAE04EC0-301F-11D3-BF4B-00C04F79EFBC}") = "ToDo-DB-Models", "ToDo-DB-Models\ToDo-DB-Models.csproj", "{8D1795C4-9461-4240-AF2C-7C909C31D0E5}"
EndProject
Project("{FAE04EC0-301F-11D3-BF4B-00C04F79EFBC}") = "ToDo-DB-Context", "ToDo-DB-Context\ToDo-DB-Context.csproj", "{0D097716-4C33-4F50-972E-5AB569E8F44E}"
EndProject
Project("{FAE04EC0-301F-11D3-BF4B-00C04F79EFBC}") = "ToDo-DB-Migrations", "ToDo-DB-Migrations\ToDo-DB-Migrations.csproj", "{4D063447-7990-43E1-B0AA-B0B14CA9BCAD}"
EndProject
Global
	GlobalSection(SolutionConfigurationPlatforms) = preSolution
		Debug|Any CPU = Debug|Any CPU
		Release|Any CPU = Release|Any CPU
	EndGlobalSection
	GlobalSection(ProjectConfigurationPlatforms) = postSolution
		{DD0AC586-E8C0-4E4B-82AC-7B6982F5E3E4}.Debug|Any CPU.ActiveCfg = Debug|Any CPU
		{DD0AC586-E8C0-4E4B-82AC-7B6982F5E3E4}.Debug|Any CPU.Build.0 = Debug|Any CPU
		{DD0AC586-E8C0-4E4B-82AC-7B6982F5E3E4}.Release|Any CPU.ActiveCfg = Release|Any CPU
		{DD0AC586-E8C0-4E4B-82AC-7B6982F5E3E4}.Release|Any CPU.Build.0 = Release|Any CPU
		{8D1795C4-9461-4240-AF2C-7C909C31D0E5}.Debug|Any CPU.ActiveCfg = Debug|Any CPU
		{8D1795C4-9461-4240-AF2C-7C909C31D0E5}.Debug|Any CPU.Build.0 = Debug|Any CPU
		{8D1795C4-9461-4240-AF2C-7C909C31D0E5}.Release|Any CPU.ActiveCfg = Release|Any CPU
		{8D1795C4-9461-4240-AF2C-7C909C31D0E5}.Release|Any CPU.Build.0 = Release|Any CPU
		{0D097716-4C33-4F50-972E-5AB569E8F44E}.Debug|Any CPU.ActiveCfg = Debug|Any CPU
		{0D097716-4C33-4F50-972E-5AB569E8F44E}.Debug|Any CPU.Build.0 = Debug|Any CPU
		{0D097716-4C33-4F50-972E-5AB569E8F44E}.Release|Any CPU.ActiveCfg = Release|Any CPU
		{0D097716-4C33-4F50-972E-5AB569E8F44E}.Release|Any CPU.Build.0 = Release|Any CPU
		{4D063447-7990-43E1-B0AA-B0B14CA9BCAD}.Debug|Any CPU.ActiveCfg = Debug|Any CPU
		{4D063447-7990-43E1-B0AA-B0B14CA9BCAD}.Debug|Any CPU.Build.0 = Debug|Any CPU
		{4D063447-7990-43E1-B0AA-B0B14CA9BCAD}.Release|Any CPU.ActiveCfg = Release|Any CPU
		{4D063447-7990-43E1-B0AA-B0B14CA9BCAD}.Release|Any CPU.Build.0 = Release|Any CPU
	EndGlobalSection
	GlobalSection(SolutionProperties) = preSolution
		HideSolutionNode = FALSE
	EndGlobalSection
	GlobalSection(ExtensibilityGlobals) = postSolution
		SolutionGuid = {67F968E8-39C0-4AD9-B754-BD35329BEB6D}
	EndGlobalSection
EndGlobal
